
Microsoft Visual Studio Solution File, Format Version 12.00
# Visual Studio Version 16
VisualStudioVersion = 16.0.31112.23
MinimumVisualStudioVersion = 10.0.40219.1
Project("{FAE04EC0-301F-11D3-BF4B-00C04F79EFBC}") = "SMS_Services", "SMS_Services\SMS_Services.csproj", "{6E7CAB2F-328C-4E3B-A6D4-037974CD99C6}"
EndProject
Project("{FAE04EC0-301F-11D3-BF4B-00C04F79EFBC}") = "DBManager", "DBManager\DBManager.csproj", "{FCC459E3-4F77-4DBA-A9A6-8500085F0E66}"
EndProject
Global
	GlobalSection(SolutionConfigurationPlatforms) = preSolution
		Debug|Any CPU = Debug|Any CPU
		Release|Any CPU = Release|Any CPU
	EndGlobalSection
	GlobalSection(ProjectConfigurationPlatforms) = postSolution
		{6E7CAB2F-328C-4E3B-A6D4-037974CD99C6}.Debug|Any CPU.ActiveCfg = Debug|Any CPU
		{6E7CAB2F-328C-4E3B-A6D4-037974CD99C6}.Debug|Any CPU.Build.0 = Debug|Any CPU
		{6E7CAB2F-328C-4E3B-A6D4-037974CD99C6}.Release|Any CPU.ActiveCfg = Release|Any CPU
		{6E7CAB2F-328C-4E3B-A6D4-037974CD99C6}.Release|Any CPU.Build.0 = Release|Any CPU
		{FCC459E3-4F77-4DBA-A9A6-8500085F0E66}.Debug|Any CPU.ActiveCfg = Debug|Any CPU
		{FCC459E3-4F77-4DBA-A9A6-8500085F0E66}.Debug|Any CPU.Build.0 = Debug|Any CPU
		{FCC459E3-4F77-4DBA-A9A6-8500085F0E66}.Release|Any CPU.ActiveCfg = Release|Any CPU
		{FCC459E3-4F77-4DBA-A9A6-8500085F0E66}.Release|Any CPU.Build.0 = Release|Any CPU
	EndGlobalSection
	GlobalSection(SolutionProperties) = preSolution
		HideSolutionNode = FALSE
	EndGlobalSection
	GlobalSection(ExtensibilityGlobals) = postSolution
		SolutionGuid = {897FB9EF-09EE-492C-BFF2-B419831711AC}
	EndGlobalSection
EndGlobal
